PODS:
  - Alamofire (5.4.3)
  - CocoaLumberjack (3.7.2):
    - CocoaLumberjack/Core (= 3.7.2)
  - CocoaLumberjack/Core (3.7.2)
  - IQKeyboardManagerSwift (6.5.6)
  - Kingfisher (6.3.0)
  - RxAlamofire (6.1.1):
    - RxAlamofire/Core (= 6.1.1)
  - RxAlamofire/Core (6.1.1):
    - Alamofire (~> 5.4)
    - RxSwift (~> 6.0)
  - RxBlocking (6.2.0):
    - RxSwift (= 6.2.0)
  - RxCocoa (6.2.0):
    - RxRelay (= 6.2.0)
    - RxSwift (= 6.2.0)
  - RxRelay (6.2.0):
    - RxSwift (= 6.2.0)
  - RxSwift (6.2.0)
  - SnapKit (5.0.1)
  - SVGKit (3.0.0):
    - CocoaLumberjack (~> 3.0)
  - Swinject (2.7.1)
  - SwinjectAutoregistration (2.7.0):
    - Swinject (~> 2.7)

DEPENDENCIES:
  - Alamofire
  - IQKeyboardManagerSwift
  - Kingfisher
  - RxAlamofire
  - RxBlocking
  - RxCocoa
  - RxSwift
  - SnapKit
  - SVGKit
  - Swinject
  - SwinjectAutoregistration

SPEC REPOS:
  trunk:
    - Alamofire
    - CocoaLumberjack
    - IQKeyboardManagerSwift
    - Kingfisher
    - RxAlamofire
    - RxBlocking
    - RxCocoa
    - RxRelay
    - RxSwift
    - SnapKit
    - SVGKit
    - Swinject
    - SwinjectAutoregistration

SPEC CHECKSUMS:
  Alamofire: e447a2774a40c996748296fa2c55112fdbbc42f9
  CocoaLumberjack: b7e05132ff94f6ae4dfa9d5bce9141893a21d9da
  IQKeyboardManagerSwift: c7df9d2deb356c04522f5c4b7b6e4ce4d8ed94fe
  Kingfisher: 6c3df386db71d82c0817a429d2c9421a77396529
  RxAlamofire: beb75a1c452d0de225651db4903f5d29d034a620
  RxBlocking: 0b29f7d2079109a8de49c411381bed7c33ef1eeb
  RxCocoa: 4baf94bb35f2c0ab31bc0cb9f1900155f646ba42
  RxRelay: e72dbfd157807478401ef1982e1c61c945c94b2f
  RxSwift: d356ab7bee873611322f134c5f9ef379fa183d8f
  SnapKit: 97b92857e3df3a0c71833cce143274bf6ef8e5eb
  SVGKit: 1ad7513f8c74d9652f94ed64ddecda1a23864dea
  Swinject: ddf78b8486dd9b71a667b852cad919ab4484478e
  SwinjectAutoregistration: 330f5012642a8b5c89a8a4adb0c5e52df07382c0

PODFILE CHECKSUM: 53b535d532c4d0f4c4ae22e5ee5b37ff5c71c0e2

COCOAPODS: 1.10.1
