PODS:
  - Alamofire (5.2.1)
  - iOSSnapshotTestCase (6.2.0):
    - iOSSnapshotTestCase/SwiftSupport (= 6.2.0)
  - iOSSnapshotTestCase/Core (6.2.0)
  - iOSSnapshotTestCase/SwiftSupport (6.2.0):
    - iOSSnapshotTestCase/Core
  - IQKeyboardManagerSwift (6.5.6)
  - NVActivityIndicatorView (5.1.1):
    - NVActivityIndicatorView/Base (= 5.1.1)
  - NVActivityIndicatorView/Base (5.1.1)
  - RxAlamofire (5.7.0):
    - RxAlamofire/Core (= 5.7.0)
  - RxAlamofire/Core (5.7.0):
    - Alamofire (~> 5.2)
    - RxSwift (~> 5.1)
  - RxBlocking (5.1.1):
    - RxSwift (~> 5)
  - RxCocoa (5.1.1):
    - RxRelay (~> 5)
    - RxSwift (~> 5)
  - RxRelay (5.1.1):
    - RxSwift (~> 5)
  - RxSwift (5.1.1)
  - RxTest (5.1.2):
    - RxSwift (~> 5)
  - SnapKit (5.0.1)
  - Swinject (2.7.1)
  - SwinjectAutoregistration (2.7.0):
    - Swinject (~> 2.7)

DEPENDENCIES:
  - Alamofire
  - iOSSnapshotTestCase
  - IQKeyboardManagerSwift
  - NVActivityIndicatorView
  - RxAlamofire
  - RxBlocking
  - RxCocoa
  - RxSwift
  - RxTest
  - SnapKit
  - Swinject
  - SwinjectAutoregistration

SPEC REPOS:
  trunk:
    - Alamofire
    - iOSSnapshotTestCase
    - IQKeyboardManagerSwift
    - NVActivityIndicatorView
    - RxAlamofire
    - RxBlocking
    - RxCocoa
    - RxRelay
    - RxSwift
    - RxTest
    - SnapKit
    - Swinject
    - SwinjectAutoregistration

SPEC CHECKSUMS:
  Alamofire: e911732990610fe89af59ac0077f923d72dc3dfd
  iOSSnapshotTestCase: 9ab44cb5aa62b84d31847f40680112e15ec579a6
  IQKeyboardManagerSwift: c7df9d2deb356c04522f5c4b7b6e4ce4d8ed94fe
  NVActivityIndicatorView: 1f6c5687f1171810aa27a3296814dc2d7dec3667
  RxAlamofire: 770e0bff75f5099251eefdb49aa86e4753e6f34d
  RxBlocking: 5f700a78cad61ce253ebd37c9a39b5ccc76477b4
  RxCocoa: 32065309a38d29b5b0db858819b5bf9ef038b601
  RxRelay: d77f7d771495f43c556cbc43eebd1bb54d01e8e9
  RxSwift: 81470a2074fa8780320ea5fe4102807cb7118178
  RxTest: 274549b747dca56f47c52c8991ec5cf797ecfe40
  SnapKit: 97b92857e3df3a0c71833cce143274bf6ef8e5eb
  Swinject: ddf78b8486dd9b71a667b852cad919ab4484478e
  SwinjectAutoregistration: 330f5012642a8b5c89a8a4adb0c5e52df07382c0

PODFILE CHECKSUM: f16e50674ecf247e4dbc394b76078f80b6631ae1

COCOAPODS: 1.10.1
