// !$*UTF8*$!
{
	archiveVersion = 1;
	classes = {
	};
	objectVersion = 51;
	objects = {

/* Begin PBXBuildFile section */
		A1C16FF583F8A7C7EA5919F9 /* Pods_Global_List.framework in Frameworks */ = {isa = PBXBuildFile; fileRef = 496666F54A891222610D09AA /* Pods_Global_List.framework */; };
		FD4524B226997FA2000F6D6B /* AppDelegate.swift in Sources */ = {isa = PBXBuildFile; fileRef = FD4524B126997FA2000F6D6B /* AppDelegate.swift */; };
		FD4524B426997FA2000F6D6B /* SceneDelegate.swift in Sources */ = {isa = PBXBuildFile; fileRef = FD4524B326997FA2000F6D6B /* SceneDelegate.swift */; };
		FD4524BB26997FA3000F6D6B /* Assets.xcassets in Resources */ = {isa = PBXBuildFile; fileRef = FD4524BA26997FA3000F6D6B /* Assets.xcassets */; };
		FD4524BE26997FA3000F6D6B /* LaunchScreen.storyboard in Resources */ = {isa = PBXBuildFile; fileRef = FD4524BC26997FA3000F6D6B /* LaunchScreen.storyboard */; };
		FD4524E3269A94C2000F6D6B /* AppCoordinator.swift in Sources */ = {isa = PBXBuildFile; fileRef = FD4524E2269A94C2000F6D6B /* AppCoordinator.swift */; };
		FD4524E9269AA06D000F6D6B /* MainCoordinator.swift in Sources */ = {isa = PBXBuildFile; fileRef = FD4524E8269AA06D000F6D6B /* MainCoordinator.swift */; };
		FD4524EB269AA620000F6D6B /* CoordinatorProtocol.swift in Sources */ = {isa = PBXBuildFile; fileRef = FD4524EA269AA620000F6D6B /* CoordinatorProtocol.swift */; };
		FD4524EF269AB742000F6D6B /* Container+RegisterDependencies.swift in Sources */ = {isa = PBXBuildFile; fileRef = FD4524EE269AB742000F6D6B /* Container+RegisterDependencies.swift */; };
		FD4524F4269CE1A2000F6D6B /* CountriesListCoordinator.swift in Sources */ = {isa = PBXBuildFile; fileRef = FD4524F3269CE1A2000F6D6B /* CountriesListCoordinator.swift */; };
		FD4524F7269CE971000F6D6B /* CountriesListViewController.swift in Sources */ = {isa = PBXBuildFile; fileRef = FD4524F6269CE971000F6D6B /* CountriesListViewController.swift */; };
		FD4524FA269CEAC6000F6D6B /* BaseViewController.swift in Sources */ = {isa = PBXBuildFile; fileRef = FD4524F9269CEAC6000F6D6B /* BaseViewController.swift */; };
		FD452503269CEC90000F6D6B /* AlertsPresentable.swift in Sources */ = {isa = PBXBuildFile; fileRef = FD452502269CEC90000F6D6B /* AlertsPresentable.swift */; };
		FD452505269CF073000F6D6B /* Reachability.swift in Sources */ = {isa = PBXBuildFile; fileRef = FD452504269CF073000F6D6B /* Reachability.swift */; };
		FD452508269CF391000F6D6B /* CountriesListViewModel.swift in Sources */ = {isa = PBXBuildFile; fileRef = FD452507269CF391000F6D6B /* CountriesListViewModel.swift */; };
		FD45250B269CF68D000F6D6B /* CountryModel.swift in Sources */ = {isa = PBXBuildFile; fileRef = FD45250A269CF68D000F6D6B /* CountryModel.swift */; };
		FD452512269CFE12000F6D6B /* NetworkService.swift in Sources */ = {isa = PBXBuildFile; fileRef = FD452511269CFE12000F6D6B /* NetworkService.swift */; };
		FD45251B269D0120000F6D6B /* UrlBuilder.swift in Sources */ = {isa = PBXBuildFile; fileRef = FD45251A269D0120000F6D6B /* UrlBuilder.swift */; };
		FD45251E269D0282000F6D6B /* CustomError.swift in Sources */ = {isa = PBXBuildFile; fileRef = FD45251D269D0282000F6D6B /* CustomError.swift */; };
		FD452520269D1DF8000F6D6B /* ResponseModel.swift in Sources */ = {isa = PBXBuildFile; fileRef = FD45251F269D1DF8000F6D6B /* ResponseModel.swift */; };
		FD452522269D1F94000F6D6B /* ArrayResource.swift in Sources */ = {isa = PBXBuildFile; fileRef = FD452521269D1F93000F6D6B /* ArrayResource.swift */; };
		FD452524269D2A7B000F6D6B /* ApiAction.swift in Sources */ = {isa = PBXBuildFile; fileRef = FD452523269D2A7B000F6D6B /* ApiAction.swift */; };
		FD452526269D30C6000F6D6B /* Utilities.swift in Sources */ = {isa = PBXBuildFile; fileRef = FD452525269D30C6000F6D6B /* Utilities.swift */; };
		FD45252C269D63F3000F6D6B /* CountriesTableViewCell.swift in Sources */ = {isa = PBXBuildFile; fileRef = FD45252B269D63F3000F6D6B /* CountriesTableViewCell.swift */; };
		FD774BED26A762DD00B0A357 /* Kingfisher+SVGImgProcessor.swift in Sources */ = {isa = PBXBuildFile; fileRef = FD774BEC26A762DD00B0A357 /* Kingfisher+SVGImgProcessor.swift */; };
		FD774BF326A7B1BE00B0A357 /* CountriesDetailCoordinator.swift in Sources */ = {isa = PBXBuildFile; fileRef = FD774BF226A7B1BE00B0A357 /* CountriesDetailCoordinator.swift */; };
		FD774BF526A7B1D200B0A357 /* CountriesDetailViewController.swift in Sources */ = {isa = PBXBuildFile; fileRef = FD774BF426A7B1D200B0A357 /* CountriesDetailViewController.swift */; };
		FD774BF726A7B1E200B0A357 /* CountriesDetailViewModel.swift in Sources */ = {isa = PBXBuildFile; fileRef = FD774BF626A7B1E200B0A357 /* CountriesDetailViewModel.swift */; };
/* End PBXBuildFile section */

/* Begin PBXFileReference section */
		496666F54A891222610D09AA /* Pods_Global_List.framework */ = {isa = PBXFileReference; explicitFileType = wrapper.framework; includeInIndex = 0; path = Pods_Global_List.framework; sourceTree = BUILT_PRODUCTS_DIR; };
		645FE10EA319402D6D2F32C5 /* Pods-Global-List.debug.xcconfig */ = {isa = PBXFileReference; includeInIndex = 1; lastKnownFileType = text.xcconfig; name = "Pods-Global-List.debug.xcconfig"; path = "Target Support Files/Pods-Global-List/Pods-Global-List.debug.xcconfig"; sourceTree = "<group>"; };
		6774F7AECFC4477257C08BAB /* Pods-Global-List.release.xcconfig */ = {isa = PBXFileReference; includeInIndex = 1; lastKnownFileType = text.xcconfig; name = "Pods-Global-List.release.xcconfig"; path = "Target Support Files/Pods-Global-List/Pods-Global-List.release.xcconfig"; sourceTree = "<group>"; };
		FD4524AE26997FA2000F6D6B /* Global-List.app */ = {isa = PBXFileReference; explicitFileType = wrapper.application; includeInIndex = 0; path = "Global-List.app"; sourceTree = BUILT_PRODUCTS_DIR; };
		FD4524B126997FA2000F6D6B /* AppDelegate.swift */ = {isa = PBXFileReference; lastKnownFileType = sourcecode.swift; path = AppDelegate.swift; sourceTree = "<group>"; };
		FD4524B326997FA2000F6D6B /* SceneDelegate.swift */ = {isa = PBXFileReference; lastKnownFileType = sourcecode.swift; path = SceneDelegate.swift; sourceTree = "<group>"; };
		FD4524BA26997FA3000F6D6B /* Assets.xcassets */ = {isa = PBXFileReference; lastKnownFileType = folder.assetcatalog; path = Assets.xcassets; sourceTree = "<group>"; };
		FD4524BD26997FA3000F6D6B /* Base */ = {isa = PBXFileReference; lastKnownFileType = file.storyboard; name = Base; path = Base.lproj/LaunchScreen.storyboard; sourceTree = "<group>"; };
		FD4524BF26997FA3000F6D6B /* Info.plist */ = {isa = PBXFileReference; lastKnownFileType = text.plist.xml; path = Info.plist; sourceTree = "<group>"; };
		FD4524E2269A94C2000F6D6B /* AppCoordinator.swift */ = {isa = PBXFileReference; lastKnownFileType = sourcecode.swift; path = AppCoordinator.swift; sourceTree = "<group>"; };
		FD4524E8269AA06D000F6D6B /* MainCoordinator.swift */ = {isa = PBXFileReference; lastKnownFileType = sourcecode.swift; path = MainCoordinator.swift; sourceTree = "<group>"; };
		FD4524EA269AA620000F6D6B /* CoordinatorProtocol.swift */ = {isa = PBXFileReference; lastKnownFileType = sourcecode.swift; path = CoordinatorProtocol.swift; sourceTree = "<group>"; };
		FD4524EE269AB742000F6D6B /* Container+RegisterDependencies.swift */ = {isa = PBXFileReference; lastKnownFileType = sourcecode.swift; path = "Container+RegisterDependencies.swift"; sourceTree = "<group>"; };
		FD4524F3269CE1A2000F6D6B /* CountriesListCoordinator.swift */ = {isa = PBXFileReference; lastKnownFileType = sourcecode.swift; path = CountriesListCoordinator.swift; sourceTree = "<group>"; };
		FD4524F6269CE971000F6D6B /* CountriesListViewController.swift */ = {isa = PBXFileReference; lastKnownFileType = sourcecode.swift; path = CountriesListViewController.swift; sourceTree = "<group>"; };
		FD4524F9269CEAC6000F6D6B /* BaseViewController.swift */ = {isa = PBXFileReference; lastKnownFileType = sourcecode.swift; path = BaseViewController.swift; sourceTree = "<group>"; };
		FD452502269CEC90000F6D6B /* AlertsPresentable.swift */ = {isa = PBXFileReference; lastKnownFileType = sourcecode.swift; path = AlertsPresentable.swift; sourceTree = "<group>"; };
		FD452504269CF073000F6D6B /* Reachability.swift */ = {isa = PBXFileReference; lastKnownFileType = sourcecode.swift; path = Reachability.swift; sourceTree = "<group>"; };
		FD452507269CF391000F6D6B /* CountriesListViewModel.swift */ = {isa = PBXFileReference; lastKnownFileType = sourcecode.swift; path = CountriesListViewModel.swift; sourceTree = "<group>"; };
		FD45250A269CF68D000F6D6B /* CountryModel.swift */ = {isa = PBXFileReference; lastKnownFileType = sourcecode.swift; path = CountryModel.swift; sourceTree = "<group>"; };
		FD452511269CFE12000F6D6B /* NetworkService.swift */ = {isa = PBXFileReference; lastKnownFileType = sourcecode.swift; path = NetworkService.swift; sourceTree = "<group>"; };
		FD45251A269D0120000F6D6B /* UrlBuilder.swift */ = {isa = PBXFileReference; lastKnownFileType = sourcecode.swift; path = UrlBuilder.swift; sourceTree = "<group>"; };
		FD45251D269D0282000F6D6B /* CustomError.swift */ = {isa = PBXFileReference; lastKnownFileType = sourcecode.swift; path = CustomError.swift; sourceTree = "<group>"; };
		FD45251F269D1DF8000F6D6B /* ResponseModel.swift */ = {isa = PBXFileReference; lastKnownFileType = sourcecode.swift; path = ResponseModel.swift; sourceTree = "<group>"; };
		FD452521269D1F93000F6D6B /* ArrayResource.swift */ = {isa = PBXFileReference; lastKnownFileType = sourcecode.swift; path = ArrayResource.swift; sourceTree = "<group>"; };
		FD452523269D2A7B000F6D6B /* ApiAction.swift */ = {isa = PBXFileReference; lastKnownFileType = sourcecode.swift; path = ApiAction.swift; sourceTree = "<group>"; };
		FD452525269D30C6000F6D6B /* Utilities.swift */ = {isa = PBXFileReference; lastKnownFileType = sourcecode.swift; path = Utilities.swift; sourceTree = "<group>"; };
		FD45252B269D63F3000F6D6B /* CountriesTableViewCell.swift */ = {isa = PBXFileReference; lastKnownFileType = sourcecode.swift; path = CountriesTableViewCell.swift; sourceTree = "<group>"; };
		FD774BEC26A762DD00B0A357 /* Kingfisher+SVGImgProcessor.swift */ = {isa = PBXFileReference; lastKnownFileType = sourcecode.swift; path = "Kingfisher+SVGImgProcessor.swift"; sourceTree = "<group>"; };
		FD774BF226A7B1BE00B0A357 /* CountriesDetailCoordinator.swift */ = {isa = PBXFileReference; lastKnownFileType = sourcecode.swift; path = CountriesDetailCoordinator.swift; sourceTree = "<group>"; };
		FD774BF426A7B1D200B0A357 /* CountriesDetailViewController.swift */ = {isa = PBXFileReference; lastKnownFileType = sourcecode.swift; path = CountriesDetailViewController.swift; sourceTree = "<group>"; };
		FD774BF626A7B1E200B0A357 /* CountriesDetailViewModel.swift */ = {isa = PBXFileReference; lastKnownFileType = sourcecode.swift; path = CountriesDetailViewModel.swift; sourceTree = "<group>"; };
/* End PBXFileReference section */

/* Begin PBXFrameworksBuildPhase section */
		FD4524AB26997FA2000F6D6B /* Frameworks */ = {
			isa = PBXFrameworksBuildPhase;
			buildActionMask = 2147483647;
			files = (
				A1C16FF583F8A7C7EA5919F9 /* Pods_Global_List.framework in Frameworks */,
			);
			runOnlyForDeploymentPostprocessing = 0;
		};
/* End PBXFrameworksBuildPhase section */

/* Begin PBXGroup section */
		33C4AC1EBED06601EE8EBC3A /* Pods */ = {
			isa = PBXGroup;
			children = (
				645FE10EA319402D6D2F32C5 /* Pods-Global-List.debug.xcconfig */,
				6774F7AECFC4477257C08BAB /* Pods-Global-List.release.xcconfig */,
			);
			path = Pods;
			sourceTree = "<group>";
		};
		A79D7FDD26ED79AB04698ADE /* Frameworks */ = {
			isa = PBXGroup;
			children = (
				496666F54A891222610D09AA /* Pods_Global_List.framework */,
			);
			name = Frameworks;
			sourceTree = "<group>";
		};
		FD4524A526997FA2000F6D6B = {
			isa = PBXGroup;
			children = (
				FD4524B026997FA2000F6D6B /* Global-List */,
				FD4524AF26997FA2000F6D6B /* Products */,
				33C4AC1EBED06601EE8EBC3A /* Pods */,
				A79D7FDD26ED79AB04698ADE /* Frameworks */,
			);
			sourceTree = "<group>";
		};
		FD4524AF26997FA2000F6D6B /* Products */ = {
			isa = PBXGroup;
			children = (
				FD4524AE26997FA2000F6D6B /* Global-List.app */,
			);
			name = Products;
			sourceTree = "<group>";
		};
		FD4524B026997FA2000F6D6B /* Global-List */ = {
			isa = PBXGroup;
			children = (
				FD4524E1269A9464000F6D6B /* AppStartup */,
				FD4524E6269A951C000F6D6B /* Common */,
				FD452509269CF64E000F6D6B /* Models */,
				FD45251C269D0261000F6D6B /* SupportingModels */,
				FD4524F0269CE10C000F6D6B /* Modules */,
				FD4524BA26997FA3000F6D6B /* Assets.xcassets */,
			);
			path = "Global-List";
			sourceTree = "<group>";
		};
		FD4524E1269A9464000F6D6B /* AppStartup */ = {
			isa = PBXGroup;
			children = (
				FD4524BF26997FA3000F6D6B /* Info.plist */,
				FD4524E2269A94C2000F6D6B /* AppCoordinator.swift */,
				FD4524B126997FA2000F6D6B /* AppDelegate.swift */,
				FD4524B326997FA2000F6D6B /* SceneDelegate.swift */,
				FD4524BC26997FA3000F6D6B /* LaunchScreen.storyboard */,
			);
			path = AppStartup;
			sourceTree = "<group>";
		};
		FD4524E6269A951C000F6D6B /* Common */ = {
			isa = PBXGroup;
			children = (
				FD4524ED269AB648000F6D6B /* ContainerDI */,
				FD4524E7269A952B000F6D6B /* AppCoordinator */,
				FD45250F269CFDA2000F6D6B /* Networking */,
				FD452501269CEC6F000F6D6B /* Protocols+Extensions */,
				FD452519269D0068000F6D6B /* Constants */,
				FD4524EC269AB5C8000F6D6B /* Extensions */,
				FD452529269D63AD000F6D6B /* CustomUI */,
				FD4524F8269CEA6E000F6D6B /* ViewControllers */,
				FD4524FB269CEB1E000F6D6B /* ThirdParties */,
			);
			path = Common;
			sourceTree = "<group>";
		};
		FD4524E7269A952B000F6D6B /* AppCoordinator */ = {
			isa = PBXGroup;
			children = (
				FD4524EA269AA620000F6D6B /* CoordinatorProtocol.swift */,
				FD4524E8269AA06D000F6D6B /* MainCoordinator.swift */,
			);
			path = AppCoordinator;
			sourceTree = "<group>";
		};
		FD4524EC269AB5C8000F6D6B /* Extensions */ = {
			isa = PBXGroup;
			children = (
				FD774BEC26A762DD00B0A357 /* Kingfisher+SVGImgProcessor.swift */,
			);
			path = Extensions;
			sourceTree = "<group>";
		};
		FD4524ED269AB648000F6D6B /* ContainerDI */ = {
			isa = PBXGroup;
			children = (
				FD4524EE269AB742000F6D6B /* Container+RegisterDependencies.swift */,
			);
			path = ContainerDI;
			sourceTree = "<group>";
		};
		FD4524F0269CE10C000F6D6B /* Modules */ = {
			isa = PBXGroup;
			children = (
				FD4524F1269CE11D000F6D6B /* CountriesList */,
				FD774BEE26A7B0E100B0A357 /* CountriesDetail */,
			);
			path = Modules;
			sourceTree = "<group>";
		};
		FD4524F1269CE11D000F6D6B /* CountriesList */ = {
			isa = PBXGroup;
			children = (
				FD4524F2269CE173000F6D6B /* Coordinators */,
				FD4524F5269CE24A000F6D6B /* ViewControllers */,
				FD452506269CF350000F6D6B /* ViewModels */,
			);
			path = CountriesList;
			sourceTree = "<group>";
		};
		FD4524F2269CE173000F6D6B /* Coordinators */ = {
			isa = PBXGroup;
			children = (
				FD4524F3269CE1A2000F6D6B /* CountriesListCoordinator.swift */,
			);
			path = Coordinators;
			sourceTree = "<group>";
		};
		FD4524F5269CE24A000F6D6B /* ViewControllers */ = {
			isa = PBXGroup;
			children = (
				FD4524F6269CE971000F6D6B /* CountriesListViewController.swift */,
			);
			path = ViewControllers;
			sourceTree = "<group>";
		};
		FD4524F8269CEA6E000F6D6B /* ViewControllers */ = {
			isa = PBXGroup;
			children = (
				FD4524F9269CEAC6000F6D6B /* BaseViewController.swift */,
			);
			path = ViewControllers;
			sourceTree = "<group>";
		};
		FD4524FB269CEB1E000F6D6B /* ThirdParties */ = {
			isa = PBXGroup;
			children = (
				FD452504269CF073000F6D6B /* Reachability.swift */,
			);
			path = ThirdParties;
			sourceTree = "<group>";
		};
		FD452501269CEC6F000F6D6B /* Protocols+Extensions */ = {
			isa = PBXGroup;
			children = (
				FD452502269CEC90000F6D6B /* AlertsPresentable.swift */,
			);
			path = "Protocols+Extensions";
			sourceTree = "<group>";
		};
		FD452506269CF350000F6D6B /* ViewModels */ = {
			isa = PBXGroup;
			children = (
				FD452507269CF391000F6D6B /* CountriesListViewModel.swift */,
			);
			path = ViewModels;
			sourceTree = "<group>";
		};
		FD452509269CF64E000F6D6B /* Models */ = {
			isa = PBXGroup;
			children = (
				FD45250E269CF987000F6D6B /* Country */,
				FD45251F269D1DF8000F6D6B /* ResponseModel.swift */,
			);
			path = Models;
			sourceTree = "<group>";
		};
		FD45250E269CF987000F6D6B /* Country */ = {
			isa = PBXGroup;
			children = (
				FD45250A269CF68D000F6D6B /* CountryModel.swift */,
			);
			path = Country;
			sourceTree = "<group>";
		};
		FD45250F269CFDA2000F6D6B /* Networking */ = {
			isa = PBXGroup;
			children = (
				FD452510269CFDB1000F6D6B /* Services */,
				FD452513269CFE7C000F6D6B /* DecodedResources */,
			);
			path = Networking;
			sourceTree = "<group>";
		};
		FD452510269CFDB1000F6D6B /* Services */ = {
			isa = PBXGroup;
			children = (
				FDF5676326A105C000CBF140 /* NetworkService */,
			);
			path = Services;
			sourceTree = "<group>";
		};
		FD452513269CFE7C000F6D6B /* DecodedResources */ = {
			isa = PBXGroup;
			children = (
				FD452521269D1F93000F6D6B /* ArrayResource.swift */,
			);
			path = DecodedResources;
			sourceTree = "<group>";
		};
		FD452516269CFEFB000F6D6B /* NetworkActions */ = {
			isa = PBXGroup;
			children = (
				FD452523269D2A7B000F6D6B /* ApiAction.swift */,
			);
			path = NetworkActions;
			sourceTree = "<group>";
		};
		FD452519269D0068000F6D6B /* Constants */ = {
			isa = PBXGroup;
			children = (
				FD45251A269D0120000F6D6B /* UrlBuilder.swift */,
			);
			path = Constants;
			sourceTree = "<group>";
		};
		FD45251C269D0261000F6D6B /* SupportingModels */ = {
			isa = PBXGroup;
			children = (
				FD45251D269D0282000F6D6B /* CustomError.swift */,
				FD452525269D30C6000F6D6B /* Utilities.swift */,
			);
			path = SupportingModels;
			sourceTree = "<group>";
		};
		FD452529269D63AD000F6D6B /* CustomUI */ = {
			isa = PBXGroup;
			children = (
				FDF56759269F903D00CBF140 /* Components */,
				FD45252A269D63B3000F6D6B /* Views */,
			);
			path = CustomUI;
			sourceTree = "<group>";
		};
		FD45252A269D63B3000F6D6B /* Views */ = {
			isa = PBXGroup;
			children = (
				FD45252B269D63F3000F6D6B /* CountriesTableViewCell.swift */,
			);
			path = Views;
			sourceTree = "<group>";
		};
		FD774BEE26A7B0E100B0A357 /* CountriesDetail */ = {
			isa = PBXGroup;
			children = (
				FD774BEF26A7B14C00B0A357 /* Coordinators */,
				FD774BF026A7B16200B0A357 /* ViewControllers */,
				FD774BF126A7B16F00B0A357 /* ViewModels */,
			);
			path = CountriesDetail;
			sourceTree = "<group>";
		};
		FD774BEF26A7B14C00B0A357 /* Coordinators */ = {
			isa = PBXGroup;
			children = (
				FD774BF226A7B1BE00B0A357 /* CountriesDetailCoordinator.swift */,
			);
			path = Coordinators;
			sourceTree = "<group>";
		};
		FD774BF026A7B16200B0A357 /* ViewControllers */ = {
			isa = PBXGroup;
			children = (
				FD774BF426A7B1D200B0A357 /* CountriesDetailViewController.swift */,
			);
			path = ViewControllers;
			sourceTree = "<group>";
		};
		FD774BF126A7B16F00B0A357 /* ViewModels */ = {
			isa = PBXGroup;
			children = (
				FD774BF626A7B1E200B0A357 /* CountriesDetailViewModel.swift */,
			);
			path = ViewModels;
			sourceTree = "<group>";
		};
		FDF56759269F903D00CBF140 /* Components */ = {
			isa = PBXGroup;
			children = (
			);
			path = Components;
			sourceTree = "<group>";
		};
		FDF5676326A105C000CBF140 /* NetworkService */ = {
			isa = PBXGroup;
			children = (
				FD452511269CFE12000F6D6B /* NetworkService.swift */,
				FD452516269CFEFB000F6D6B /* NetworkActions */,
			);
			path = NetworkService;
			sourceTree = "<group>";
		};
/* End PBXGroup section */

/* Begin PBXNativeTarget section */
		FD4524AD26997FA2000F6D6B /* Global-List */ = {
			isa = PBXNativeTarget;
			buildConfigurationList = FD4524D826997FA3000F6D6B /* Build configuration list for PBXNativeTarget "Global-List" */;
			buildPhases = (
				8FABECAD4F341F14351C81C8 /* [CP] Check Pods Manifest.lock */,
				FD4524AA26997FA2000F6D6B /* Sources */,
				FD4524AB26997FA2000F6D6B /* Frameworks */,
				FD4524AC26997FA2000F6D6B /* Resources */,
				4E2C07ED47D68FE4F0AC94E8 /* [CP] Embed Pods Frameworks */,
			);
			buildRules = (
			);
			dependencies = (
			);
			name = "Global-List";
			productName = "Global-List";
			productReference = FD4524AE26997FA2000F6D6B /* Global-List.app */;
			productType = "com.apple.product-type.application";
		};
/* End PBXNativeTarget section */

/* Begin PBXProject section */
		FD4524A626997FA2000F6D6B /* Project object */ = {
			isa = PBXProject;
			attributes = {
				LastSwiftUpdateCheck = 1250;
				LastUpgradeCheck = 1250;
				TargetAttributes = {
					FD4524AD26997FA2000F6D6B = {
						CreatedOnToolsVersion = 12.5;
					};
				};
			};
			buildConfigurationList = FD4524A926997FA2000F6D6B /* Build configuration list for PBXProject "Global-List" */;
			compatibilityVersion = "Xcode 9.3";
			developmentRegion = en;
			hasScannedForEncodings = 0;
			knownRegions = (
				en,
				Base,
			);
			mainGroup = FD4524A526997FA2000F6D6B;
			productRefGroup = FD4524AF26997FA2000F6D6B /* Products */;
			projectDirPath = "";
			projectRoot = "";
			targets = (
				FD4524AD26997FA2000F6D6B /* Global-List */,
			);
		};
/* End PBXProject section */

/* Begin PBXResourcesBuildPhase section */
		FD4524AC26997FA2000F6D6B /* Resources */ = {
			isa = PBXResourcesBuildPhase;
			buildActionMask = 2147483647;
			files = (
				FD4524BE26997FA3000F6D6B /* LaunchScreen.storyboard in Resources */,
				FD4524BB26997FA3000F6D6B /* Assets.xcassets in Resources */,
			);
			runOnlyForDeploymentPostprocessing = 0;
		};
/* End PBXResourcesBuildPhase section */

/* Begin PBXShellScriptBuildPhase section */
		4E2C07ED47D68FE4F0AC94E8 /* [CP] Embed Pods Frameworks */ = {
			isa = PBXShellScriptBuildPhase;
			buildActionMask = 2147483647;
			files = (
			);
			inputFileListPaths = (
				"${PODS_ROOT}/Target Support Files/Pods-Global-List/Pods-Global-List-frameworks-${CONFIGURATION}-input-files.xcfilelist",
			);
			name = "[CP] Embed Pods Frameworks";
			outputFileListPaths = (
				"${PODS_ROOT}/Target Support Files/Pods-Global-List/Pods-Global-List-frameworks-${CONFIGURATION}-output-files.xcfilelist",
			);
			runOnlyForDeploymentPostprocessing = 0;
			shellPath = /bin/sh;
			shellScript = "\"${PODS_ROOT}/Target Support Files/Pods-Global-List/Pods-Global-List-frameworks.sh\"\n";
			showEnvVarsInLog = 0;
		};
		8FABECAD4F341F14351C81C8 /* [CP] Check Pods Manifest.lock */ = {
			isa = PBXShellScriptBuildPhase;
			buildActionMask = 2147483647;
			files = (
			);
			inputFileListPaths = (
			);
			inputPaths = (
				"${PODS_PODFILE_DIR_PATH}/Podfile.lock",
				"${PODS_ROOT}/Manifest.lock",
			);
			name = "[CP] Check Pods Manifest.lock";
			outputFileListPaths = (
			);
			outputPaths = (
				"$(DERIVED_FILE_DIR)/Pods-Global-List-checkManifestLockResult.txt",
			);
			runOnlyForDeploymentPostprocessing = 0;
			shellPath = /bin/sh;
			shellScript = "diff \"${PODS_PODFILE_DIR_PATH}/Podfile.lock\" \"${PODS_ROOT}/Manifest.lock\" > /dev/null\nif [ $? != 0 ] ; then\n    # print error to STDERR\n    echo \"error: The sandbox is not in sync with the Podfile.lock. Run 'pod install' or update your CocoaPods installation.\" >&2\n    exit 1\nfi\n# This output is used by Xcode 'outputs' to avoid re-running this script phase.\necho \"SUCCESS\" > \"${SCRIPT_OUTPUT_FILE_0}\"\n";
			showEnvVarsInLog = 0;
		};
/* End PBXShellScriptBuildPhase section */

/* Begin PBXSourcesBuildPhase section */
		FD4524AA26997FA2000F6D6B /* Sources */ = {
			isa = PBXSourcesBuildPhase;
			buildActionMask = 2147483647;
			files = (
				FD4524E9269AA06D000F6D6B /* MainCoordinator.swift in Sources */,
				FD452520269D1DF8000F6D6B /* ResponseModel.swift in Sources */,
				FD4524EF269AB742000F6D6B /* Container+RegisterDependencies.swift in Sources */,
				FD452512269CFE12000F6D6B /* NetworkService.swift in Sources */,
				FD45251B269D0120000F6D6B /* UrlBuilder.swift in Sources */,
				FD774BED26A762DD00B0A357 /* Kingfisher+SVGImgProcessor.swift in Sources */,
				FD452524269D2A7B000F6D6B /* ApiAction.swift in Sources */,
				FD4524E3269A94C2000F6D6B /* AppCoordinator.swift in Sources */,
				FD4524EB269AA620000F6D6B /* CoordinatorProtocol.swift in Sources */,
				FD4524F7269CE971000F6D6B /* CountriesListViewController.swift in Sources */,
				FD4524FA269CEAC6000F6D6B /* BaseViewController.swift in Sources */,
				FD4524F4269CE1A2000F6D6B /* CountriesListCoordinator.swift in Sources */,
				FD774BF526A7B1D200B0A357 /* CountriesDetailViewController.swift in Sources */,
				FD45251E269D0282000F6D6B /* CustomError.swift in Sources */,
				FD452508269CF391000F6D6B /* CountriesListViewModel.swift in Sources */,
				FD4524B226997FA2000F6D6B /* AppDelegate.swift in Sources */,
				FD45252C269D63F3000F6D6B /* CountriesTableViewCell.swift in Sources */,
				FD774BF726A7B1E200B0A357 /* CountriesDetailViewModel.swift in Sources */,
				FD452503269CEC90000F6D6B /* AlertsPresentable.swift in Sources */,
				FD4524B426997FA2000F6D6B /* SceneDelegate.swift in Sources */,
				FD452505269CF073000F6D6B /* Reachability.swift in Sources */,
				FD452522269D1F94000F6D6B /* ArrayResource.swift in Sources */,
				FD452526269D30C6000F6D6B /* Utilities.swift in Sources */,
				FD45250B269CF68D000F6D6B /* CountryModel.swift in Sources */,
				FD774BF326A7B1BE00B0A357 /* CountriesDetailCoordinator.swift in Sources */,
			);
			runOnlyForDeploymentPostprocessing = 0;
		};
/* End PBXSourcesBuildPhase section */

/* Begin PBXVariantGroup section */
		FD4524BC26997FA3000F6D6B /* LaunchScreen.storyboard */ = {
			isa = PBXVariantGroup;
			children = (
				FD4524BD26997FA3000F6D6B /* Base */,
			);
			name = LaunchScreen.storyboard;
			sourceTree = "<group>";
		};
/* End PBXVariantGroup section */

/* Begin XCBuildConfiguration section */
		FD4524D626997FA3000F6D6B /* Debug */ = {
			isa = XCBuildConfiguration;
			buildSettings = {
				ALWAYS_SEARCH_USER_PATHS = NO;
				CLANG_ANALYZER_NONNULL = YES;
				CLANG_ANALYZER_NUMBER_OBJECT_CONVERSION = YES_AGGRESSIVE;
				CLANG_CXX_LANGUAGE_STANDARD = "gnu++14";
				CLANG_CXX_LIBRARY = "libc++";
				CLANG_ENABLE_MODULES = YES;
				CLANG_ENABLE_OBJC_ARC = YES;
				CLANG_ENABLE_OBJC_WEAK = YES;
				CLANG_WARN_BLOCK_CAPTURE_AUTORELEASING = YES;
				CLANG_WARN_BOOL_CONVERSION = YES;
				CLANG_WARN_COMMA = YES;
				CLANG_WARN_CONSTANT_CONVERSION = YES;
				CLANG_WARN_DEPRECATED_OBJC_IMPLEMENTATIONS = YES;
				CLANG_WARN_DIRECT_OBJC_ISA_USAGE = YES_ERROR;
				CLANG_WARN_DOCUMENTATION_COMMENTS = YES;
				CLANG_WARN_EMPTY_BODY = YES;
				CLANG_WARN_ENUM_CONVERSION = YES;
				CLANG_WARN_INFINITE_RECURSION = YES;
				CLANG_WARN_INT_CONVERSION = YES;
				CLANG_WARN_NON_LITERAL_NULL_CONVERSION = YES;
				CLANG_WARN_OBJC_IMPLICIT_RETAIN_SELF = YES;
				CLANG_WARN_OBJC_LITERAL_CONVERSION = YES;
				CLANG_WARN_OBJC_ROOT_CLASS = YES_ERROR;
				CLANG_WARN_QUOTED_INCLUDE_IN_FRAMEWORK_HEADER = YES;
				CLANG_WARN_RANGE_LOOP_ANALYSIS = YES;
				CLANG_WARN_STRICT_PROTOTYPES = YES;
				CLANG_WARN_SUSPICIOUS_MOVE = YES;
				CLANG_WARN_UNGUARDED_AVAILABILITY = YES_AGGRESSIVE;
				CLANG_WARN_UNREACHABLE_CODE = YES;
				CLANG_WARN__DUPLICATE_METHOD_MATCH = YES;
				COPY_PHASE_STRIP = NO;
				DEBUG_INFORMATION_FORMAT = dwarf;
				ENABLE_STRICT_OBJC_MSGSEND = YES;
				ENABLE_TESTABILITY = YES;
				GCC_C_LANGUAGE_STANDARD = gnu11;
				GCC_DYNAMIC_NO_PIC = NO;
				GCC_NO_COMMON_BLOCKS = YES;
				GCC_OPTIMIZATION_LEVEL = 0;
				GCC_PREPROCESSOR_DEFINITIONS = (
					"DEBUG=1",
					"$(inherited)",
				);
				GCC_WARN_64_TO_32_BIT_CONVERSION = YES;
				GCC_WARN_ABOUT_RETURN_TYPE = YES_ERROR;
				GCC_WARN_UNDECLARED_SELECTOR = YES;
				GCC_WARN_UNINITIALIZED_AUTOS = YES_AGGRESSIVE;
				GCC_WARN_UNUSED_FUNCTION = YES;
				GCC_WARN_UNUSED_VARIABLE = YES;
				IPHONEOS_DEPLOYMENT_TARGET = 14.5;
				MTL_ENABLE_DEBUG_INFO = INCLUDE_SOURCE;
				MTL_FAST_MATH = YES;
				ONLY_ACTIVE_ARCH = YES;
				SDKROOT = iphoneos;
				SWIFT_ACTIVE_COMPILATION_CONDITIONS = DEBUG;
				SWIFT_OPTIMIZATION_LEVEL = "-Onone";
			};
			name = Debug;
		};
		FD4524D726997FA3000F6D6B /* Release */ = {
			isa = XCBuildConfiguration;
			buildSettings = {
				ALWAYS_SEARCH_USER_PATHS = NO;
				CLANG_ANALYZER_NONNULL = YES;
				CLANG_ANALYZER_NUMBER_OBJECT_CONVERSION = YES_AGGRESSIVE;
				CLANG_CXX_LANGUAGE_STANDARD = "gnu++14";
				CLANG_CXX_LIBRARY = "libc++";
				CLANG_ENABLE_MODULES = YES;
				CLANG_ENABLE_OBJC_ARC = YES;
				CLANG_ENABLE_OBJC_WEAK = YES;
				CLANG_WARN_BLOCK_CAPTURE_AUTORELEASING = YES;
				CLANG_WARN_BOOL_CONVERSION = YES;
				CLANG_WARN_COMMA = YES;
				CLANG_WARN_CONSTANT_CONVERSION = YES;
				CLANG_WARN_DEPRECATED_OBJC_IMPLEMENTATIONS = YES;
				CLANG_WARN_DIRECT_OBJC_ISA_USAGE = YES_ERROR;
				CLANG_WARN_DOCUMENTATION_COMMENTS = YES;
				CLANG_WARN_EMPTY_BODY = YES;
				CLANG_WARN_ENUM_CONVERSION = YES;
				CLANG_WARN_INFINITE_RECURSION = YES;
				CLANG_WARN_INT_CONVERSION = YES;
				CLANG_WARN_NON_LITERAL_NULL_CONVERSION = YES;
				CLANG_WARN_OBJC_IMPLICIT_RETAIN_SELF = YES;
				CLANG_WARN_OBJC_LITERAL_CONVERSION = YES;
				CLANG_WARN_OBJC_ROOT_CLASS = YES_ERROR;
				CLANG_WARN_QUOTED_INCLUDE_IN_FRAMEWORK_HEADER = YES;
				CLANG_WARN_RANGE_LOOP_ANALYSIS = YES;
				CLANG_WARN_STRICT_PROTOTYPES = YES;
				CLANG_WARN_SUSPICIOUS_MOVE = YES;
				CLANG_WARN_UNGUARDED_AVAILABILITY = YES_AGGRESSIVE;
				CLANG_WARN_UNREACHABLE_CODE = YES;
				CLANG_WARN__DUPLICATE_METHOD_MATCH = YES;
				COPY_PHASE_STRIP = NO;
				DEBUG_INFORMATION_FORMAT = "dwarf-with-dsym";
				ENABLE_NS_ASSERTIONS = NO;
				ENABLE_STRICT_OBJC_MSGSEND = YES;
				GCC_C_LANGUAGE_STANDARD = gnu11;
				GCC_NO_COMMON_BLOCKS = YES;
				GCC_WARN_64_TO_32_BIT_CONVERSION = YES;
				GCC_WARN_ABOUT_RETURN_TYPE = YES_ERROR;
				GCC_WARN_UNDECLARED_SELECTOR = YES;
				GCC_WARN_UNINITIALIZED_AUTOS = YES_AGGRESSIVE;
				GCC_WARN_UNUSED_FUNCTION = YES;
				GCC_WARN_UNUSED_VARIABLE = YES;
				IPHONEOS_DEPLOYMENT_TARGET = 14.5;
				MTL_ENABLE_DEBUG_INFO = NO;
				MTL_FAST_MATH = YES;
				SDKROOT = iphoneos;
				SWIFT_COMPILATION_MODE = wholemodule;
				SWIFT_OPTIMIZATION_LEVEL = "-O";
				VALIDATE_PRODUCT = YES;
			};
			name = Release;
		};
		FD4524D926997FA3000F6D6B /* Debug */ = {
			isa = XCBuildConfiguration;
			baseConfigurationReference = 645FE10EA319402D6D2F32C5 /* Pods-Global-List.debug.xcconfig */;
			buildSettings = {
				ASSETCATALOG_COMPILER_APPICON_NAME = AppIcon;
				ASSETCATALOG_COMPILER_GLOBAL_ACCENT_COLOR_NAME = AccentColor;
				CODE_SIGN_STYLE = Automatic;
				DEVELOPMENT_TEAM = LPQ44XQT2M;
				ENABLE_BITCODE = NO;
				ENABLE_TESTING_SEARCH_PATHS = YES;
				FRAMEWORK_SEARCH_PATHS = (
					"$(inherited)",
					"$(PROJECT_DIR)",
				);
				INFOPLIST_FILE = "Global-List/AppStartup/Info.plist";
				LD_RUNPATH_SEARCH_PATHS = (
					"$(inherited)",
					"@executable_path/Frameworks",
				);
				OTHER_LDFLAGS = (
					"$(inherited)",
					"-l\"xml2\"",
					"-framework",
					"\"Accelerate\"",
					"-framework",
					"\"Alamofire\"",
					"-framework",
					"\"CFNetwork\"",
					"-framework",
					"\"CocoaLumberjack\"",
					"-framework",
					"\"CoreGraphics\"",
					"-framework",
					"\"CoreText\"",
					"-framework",
					"\"Foundation\"",
					"-framework",
					"\"IQKeyboardManagerSwift\"",
					"-framework",
					"\"Kingfisher\"",
					"-framework",
					"\"QuartzCore\"",
					"-framework",
					"\"RxAlamofire\"",
					"-framework",
					"\"RxBlocking\"",
					"-framework",
					"\"RxCocoa\"",
					"-framework",
					"\"RxRelay\"",
					"-framework",
					"\"RxSwift\"",
					"-framework",
					"\"SVGKit\"",
					"-framework",
					"\"SnapKit\"",
					"-framework",
					"\"Swinject\"",
					"-framework",
					"\"SwinjectAutoregistration\"",
					"-framework",
					"\"UIKit\"",
					"-weak_framework",
					"\"Combine\"",
					"-weak_framework",
					"\"SwiftUI\"",
				);
				PRODUCT_BUNDLE_IDENTIFIER = "ngutorov.Global-List";
				PRODUCT_NAME = "$(TARGET_NAME)";
				SWIFT_VERSION = 5.0;
				TARGETED_DEVICE_FAMILY = 1;
			};
			name = Debug;
		};
		FD4524DA26997FA3000F6D6B /* Release */ = {
			isa = XCBuildConfiguration;
			baseConfigurationReference = 6774F7AECFC4477257C08BAB /* Pods-Global-List.release.xcconfig */;
			buildSettings = {
				ASSETCATALOG_COMPILER_APPICON_NAME = AppIcon;
				ASSETCATALOG_COMPILER_GLOBAL_ACCENT_COLOR_NAME = AccentColor;
				CODE_SIGN_STYLE = Automatic;
				DEVELOPMENT_TEAM = LPQ44XQT2M;
				ENABLE_BITCODE = NO;
				ENABLE_TESTING_SEARCH_PATHS = YES;
				FRAMEWORK_SEARCH_PATHS = (
					"$(inherited)",
					"$(PROJECT_DIR)",
				);
				INFOPLIST_FILE = "Global-List/AppStartup/Info.plist";
				LD_RUNPATH_SEARCH_PATHS = (
					"$(inherited)",
					"@executable_path/Frameworks",
				);
				OTHER_LDFLAGS = (
					"$(inherited)",
					"-l\"xml2\"",
					"-framework",
					"\"Accelerate\"",
					"-framework",
					"\"Alamofire\"",
					"-framework",
					"\"CFNetwork\"",
					"-framework",
					"\"CocoaLumberjack\"",
					"-framework",
					"\"CoreGraphics\"",
					"-framework",
					"\"CoreText\"",
					"-framework",
					"\"Foundation\"",
					"-framework",
					"\"IQKeyboardManagerSwift\"",
					"-framework",
					"\"Kingfisher\"",
					"-framework",
					"\"QuartzCore\"",
					"-framework",
					"\"RxAlamofire\"",
					"-framework",
					"\"RxBlocking\"",
					"-framework",
					"\"RxCocoa\"",
					"-framework",
					"\"RxRelay\"",
					"-framework",
					"\"RxSwift\"",
					"-framework",
					"\"SVGKit\"",
					"-framework",
					"\"SnapKit\"",
					"-framework",
					"\"Swinject\"",
					"-framework",
					"\"SwinjectAutoregistration\"",
					"-framework",
					"\"UIKit\"",
					"-weak_framework",
					"\"Combine\"",
					"-weak_framework",
					"\"SwiftUI\"",
				);
				PRODUCT_BUNDLE_IDENTIFIER = "ngutorov.Global-List";
				PRODUCT_NAME = "$(TARGET_NAME)";
				SWIFT_VERSION = 5.0;
				TARGETED_DEVICE_FAMILY = 1;
			};
			name = Release;
		};
/* End XCBuildConfiguration section */

/* Begin XCConfigurationList section */
		FD4524A926997FA2000F6D6B /* Build configuration list for PBXProject "Global-List" */ = {
			isa = XCConfigurationList;
			buildConfigurations = (
				FD4524D626997FA3000F6D6B /* Debug */,
				FD4524D726997FA3000F6D6B /* Release */,
			);
			defaultConfigurationIsVisible = 0;
			defaultConfigurationName = Release;
		};
		FD4524D826997FA3000F6D6B /* Build configuration list for PBXNativeTarget "Global-List" */ = {
			isa = XCConfigurationList;
			buildConfigurations = (
				FD4524D926997FA3000F6D6B /* Debug */,
				FD4524DA26997FA3000F6D6B /* Release */,
			);
			defaultConfigurationIsVisible = 0;
			defaultConfigurationName = Release;
		};
/* End XCConfigurationList section */
	};
	rootObject = FD4524A626997FA2000F6D6B /* Project object */;
}
